
Microsoft Visual Studio Solution File, Format Version 12.00
# Visual Studio Version 16
VisualStudioVersion = 16.0.31624.102
MinimumVisualStudioVersion = 10.0.40219.1
Project("{8BC9CEB8-8B4A-11D0-8D11-00A0C91BC942}") = "Lab8", "Lab8\Lab8.vcxproj", "{323DA7AF-141F-4CAA-B87C-62615395C7D7}"
EndProject
Project("{8BC9CEB8-8B4A-11D0-8D11-00A0C91BC942}") = "Lab_8_a", "Lab_8_a\Lab_8_a.vcxproj", "{20D986CC-67BF-4B52-AF5E-87A6782596F4}"
EndProject
Project("{8BC9CEB8-8B4A-11D0-8D11-00A0C91BC942}") = "Lab_8_b", "Lab_8_b\Lab_8_b.vcxproj", "{0160C8A9-D9C1-4DCE-AD57-2C4B12C891E2}"
EndProject
Project("{8BC9CEB8-8B4A-11D0-8D11-00A0C91BC942}") = "Lab_8_v", "Lab_8_v\Lab_8_v.vcxproj", "{88AC360C-C30C-4B5B-A1D8-A87B5C53F02A}"
EndProject
Global
	GlobalSection(SolutionConfigurationPlatforms) = preSolution
		Debug|x64 = Debug|x64
		Debug|x86 = Debug|x86
		Release|x64 = Release|x64
		Release|x86 = Release|x86
	EndGlobalSection
	GlobalSection(ProjectConfigurationPlatforms) = postSolution
		{323DA7AF-141F-4CAA-B87C-62615395C7D7}.Debug|x64.ActiveCfg = Debug|x64
		{323DA7AF-141F-4CAA-B87C-62615395C7D7}.Debug|x64.Build.0 = Debug|x64
		{323DA7AF-141F-4CAA-B87C-62615395C7D7}.Debug|x86.ActiveCfg = Debug|Win32
		{323DA7AF-141F-4CAA-B87C-62615395C7D7}.Debug|x86.Build.0 = Debug|Win32
		{323DA7AF-141F-4CAA-B87C-62615395C7D7}.Release|x64.ActiveCfg = Release|x64
		{323DA7AF-141F-4CAA-B87C-62615395C7D7}.Release|x64.Build.0 = Release|x64
		{323DA7AF-141F-4CAA-B87C-62615395C7D7}.Release|x86.ActiveCfg = Release|Win32
		{323DA7AF-141F-4CAA-B87C-62615395C7D7}.Release|x86.Build.0 = Release|Win32
		{20D986CC-67BF-4B52-AF5E-87A6782596F4}.Debug|x64.ActiveCfg = Debug|x64
		{20D986CC-67BF-4B52-AF5E-87A6782596F4}.Debug|x64.Build.0 = Debug|x64
		{20D986CC-67BF-4B52-AF5E-87A6782596F4}.Debug|x86.ActiveCfg = Debug|Win32
		{20D986CC-67BF-4B52-AF5E-87A6782596F4}.Debug|x86.Build.0 = Debug|Win32
		{20D986CC-67BF-4B52-AF5E-87A6782596F4}.Release|x64.ActiveCfg = Release|x64
		{20D986CC-67BF-4B52-AF5E-87A6782596F4}.Release|x64.Build.0 = Release|x64
		{20D986CC-67BF-4B52-AF5E-87A6782596F4}.Release|x86.ActiveCfg = Release|Win32
		{20D986CC-67BF-4B52-AF5E-87A6782596F4}.Release|x86.Build.0 = Release|Win32
		{0160C8A9-D9C1-4DCE-AD57-2C4B12C891E2}.Debug|x64.ActiveCfg = Debug|x64
		{0160C8A9-D9C1-4DCE-AD57-2C4B12C891E2}.Debug|x64.Build.0 = Debug|x64
		{0160C8A9-D9C1-4DCE-AD57-2C4B12C891E2}.Debug|x86.ActiveCfg = Debug|Win32
		{0160C8A9-D9C1-4DCE-AD57-2C4B12C891E2}.Debug|x86.Build.0 = Debug|Win32
		{0160C8A9-D9C1-4DCE-AD57-2C4B12C891E2}.Release|x64.ActiveCfg = Release|x64
		{0160C8A9-D9C1-4DCE-AD57-2C4B12C891E2}.Release|x64.Build.0 = Release|x64
		{0160C8A9-D9C1-4DCE-AD57-2C4B12C891E2}.Release|x86.ActiveCfg = Release|Win32
		{0160C8A9-D9C1-4DCE-AD57-2C4B12C891E2}.Release|x86.Build.0 = Release|Win32
		{88AC360C-C30C-4B5B-A1D8-A87B5C53F02A}.Debug|x64.ActiveCfg = Debug|x64
		{88AC360C-C30C-4B5B-A1D8-A87B5C53F02A}.Debug|x64.Build.0 = Debug|x64
		{88AC360C-C30C-4B5B-A1D8-A87B5C53F02A}.Debug|x86.ActiveCfg = Debug|Win32
		{88AC360C-C30C-4B5B-A1D8-A87B5C53F02A}.Debug|x86.Build.0 = Debug|Win32
		{88AC360C-C30C-4B5B-A1D8-A87B5C53F02A}.Release|x64.ActiveCfg = Release|x64
		{88AC360C-C30C-4B5B-A1D8-A87B5C53F02A}.Release|x64.Build.0 = Release|x64
		{88AC360C-C30C-4B5B-A1D8-A87B5C53F02A}.Release|x86.ActiveCfg = Release|Win32
		{88AC360C-C30C-4B5B-A1D8-A87B5C53F02A}.Release|x86.Build.0 = Release|Win32
	EndGlobalSection
	GlobalSection(SolutionProperties) = preSolution
		HideSolutionNode = FALSE
	EndGlobalSection
	GlobalSection(ExtensibilityGlobals) = postSolution
		SolutionGuid = {616CED78-4B29-4E49-A6EA-C4AC25006B84}
	EndGlobalSection
EndGlobal
