
Microsoft Visual Studio Solution File, Format Version 12.00
# Visual Studio Version 16
VisualStudioVersion = 16.0.31624.102
MinimumVisualStudioVersion = 10.0.40219.1
Project("{8BC9CEB8-8B4A-11D0-8D11-00A0C91BC942}") = "Lab_6", "Lab_6\Lab_6.vcxproj", "{8F882DA5-9640-4642-9C9C-D79C9BAD68B9}"
EndProject
Project("{8BC9CEB8-8B4A-11D0-8D11-00A0C91BC942}") = "Lab_6_a", "Lab_6_a\Lab_6_a.vcxproj", "{5C4166D3-CFA4-4058-8E2A-83CFCFAA807F}"
EndProject
Global
	GlobalSection(SolutionConfigurationPlatforms) = preSolution
		Debug|x64 = Debug|x64
		Debug|x86 = Debug|x86
		Release|x64 = Release|x64
		Release|x86 = Release|x86
	EndGlobalSection
	GlobalSection(ProjectConfigurationPlatforms) = postSolution
		{8F882DA5-9640-4642-9C9C-D79C9BAD68B9}.Debug|x64.ActiveCfg = Debug|x64
		{8F882DA5-9640-4642-9C9C-D79C9BAD68B9}.Debug|x64.Build.0 = Debug|x64
		{8F882DA5-9640-4642-9C9C-D79C9BAD68B9}.Debug|x86.ActiveCfg = Debug|Win32
		{8F882DA5-9640-4642-9C9C-D79C9BAD68B9}.Debug|x86.Build.0 = Debug|Win32
		{8F882DA5-9640-4642-9C9C-D79C9BAD68B9}.Release|x64.ActiveCfg = Release|x64
		{8F882DA5-9640-4642-9C9C-D79C9BAD68B9}.Release|x64.Build.0 = Release|x64
		{8F882DA5-9640-4642-9C9C-D79C9BAD68B9}.Release|x86.ActiveCfg = Release|Win32
		{8F882DA5-9640-4642-9C9C-D79C9BAD68B9}.Release|x86.Build.0 = Release|Win32
		{5C4166D3-CFA4-4058-8E2A-83CFCFAA807F}.Debug|x64.ActiveCfg = Debug|x64
		{5C4166D3-CFA4-4058-8E2A-83CFCFAA807F}.Debug|x64.Build.0 = Debug|x64
		{5C4166D3-CFA4-4058-8E2A-83CFCFAA807F}.Debug|x86.ActiveCfg = Debug|Win32
		{5C4166D3-CFA4-4058-8E2A-83CFCFAA807F}.Debug|x86.Build.0 = Debug|Win32
		{5C4166D3-CFA4-4058-8E2A-83CFCFAA807F}.Release|x64.ActiveCfg = Release|x64
		{5C4166D3-CFA4-4058-8E2A-83CFCFAA807F}.Release|x64.Build.0 = Release|x64
		{5C4166D3-CFA4-4058-8E2A-83CFCFAA807F}.Release|x86.ActiveCfg = Release|Win32
		{5C4166D3-CFA4-4058-8E2A-83CFCFAA807F}.Release|x86.Build.0 = Release|Win32
	EndGlobalSection
	GlobalSection(SolutionProperties) = preSolution
		HideSolutionNode = FALSE
	EndGlobalSection
	GlobalSection(ExtensibilityGlobals) = postSolution
		SolutionGuid = {28169E38-DAEA-421D-AF77-9259FA7E4D0B}
	EndGlobalSection
EndGlobal
